lockfileVersion: 5.4

specifiers:
  '@lydell/elm': 0.19.1-12

dependencies:
  '@lydell/elm': 0.19.1-12

packages:

  /@lydell/elm/0.19.1-12:
    resolution: {integrity: sha512-m8Gu/dJ8GcIoOJVN2QE6Km/uLmeHZIa3/VsfzIsi+jM0jHAb3ybxi9xtJXJTdn2wtMoG/y9f3kXGudJ3xMO4Wg==}
    hasBin: true
    requiresBuild: true
    optionalDependencies:
      '@lydell/elm_darwin_arm64': 0.19.1-2
      '@lydell/elm_darwin_x64': 0.19.1-2
      '@lydell/elm_linux_arm': 0.19.1-0
      '@lydell/elm_linux_arm64': 0.19.1-4
      '@lydell/elm_linux_x64': 0.19.1-1
      '@lydell/elm_win32_x64': 0.19.1-1
    dev: false

  /@lydell/elm_darwin_arm64/0.19.1-2:
    resolution: {integrity: sha512-SkOn4Is9P1lTPqrBg2BLOQL5/qOrT0/MZNPPJN0dLMuqY7sl76/5NmzJr2tyENadQXGQrVksy4ITd5UsareNiA==}
    cpu: [arm64]
    os: [darwin]
    requiresBuild: true
    dev: false
    optional: true

  /@lydell/elm_darwin_x64/0.19.1-2:
    resolution: {integrity: sha512-MXfQwxdQfmuQ22iDCFlcXu5YTA0w6/ASzbxmWc+8DkgUkHTynjViGBVkQljAbYe4ZWgrYGWinZQQyhVnp/5oZw==}
    cpu: [x64]
    os: [darwin]
    requiresBuild: true
    dev: false
    optional: true

  /@lydell/elm_linux_arm/0.19.1-0:
    resolution: {integrity: sha512-crKrLzuT6jn4OOS7PWKZGYFw6vHwPu3iNP7lg8rFkOog/HxlkRwX4S695aILBG8SGTLhEdfP9tg28SQ7vR4Lpg==}
    cpu: [arm]
    os: [linux]
    requiresBuild: true
    dev: false
    optional: true

  /@lydell/elm_linux_arm64/0.19.1-4:
    resolution: {integrity: sha512-JuUkkVBtJjUajtTriQFFANHDmwA14NhqNqgIcq5LCJ6vUQv5/LVd6NUOkl/Rdq7Ju/VN/XwBD1/vm7MGIMOTqA==}
    cpu: [arm64]
    os: [linux]
    requiresBuild: true
    dev: false
    optional: true

  /@lydell/elm_linux_x64/0.19.1-1:
    resolution: {integrity: sha512-1Y8UAb+GfUqlSjUTX9CaaZhJqvhVcfNbYC0N9AEutlXf1CzFMvF4VsDeZdxzhNI4allPRWBD1IqtdlLhBTFacA==}
    cpu: [x64]
    os: [linux]
    requiresBuild: true
    dev: false
    optional: true

  /@lydell/elm_win32_x64/0.19.1-1:
    resolution: {integrity: sha512-3LMiJ+uUxDFLNnCd6HBmvVWSjSWjs/Z9dMXZWCMOcw3vrW9iOkRrsNGNxohRXun2YRd8wXOX8/DwVn8i2SJ3KA==}
    cpu: [x64]
    os: [win32]
    requiresBuild: true
    dev: false
    optional: true
